{
  "name": "test-install-npm",
  "version": "1.0.0",
  "lockfileVersion": 3,
  "requires": true,
  "packages": {
    "": {
      "name": "test-install-npm",
      "version": "1.0.0",
      "license": "ISC",
      "dependencies": {
        "@layerinfinite/sdk": "^0.1.1"
      }
    },
    "node_modules/@layerinfinite/sdk": {
      "version": "0.1.1",
      "resolved": "https://registry.npmjs.org/@layerinfinite/sdk/-/sdk-0.1.1.tgz",
      "integrity": "sha512-06zps6snG3TGg0RynDqudBSZT1peGtPfokxI7d/h0seAfMPaJZCiVOAN8t+fKKIU7CMC7mLGAYGjhYcoHQPiAQ==",
      "license": "MIT"
    }
  }
}
